
Microsoft Visual Studio Solution File, Format Version 12.00
# Visual Studio Version 17
VisualStudioVersion = 17.3.32922.545
MinimumVisualStudioVersion = 10.0.40219.1
Project("{9A19103F-16F7-4668-BE54-9A1E7A4F7556}") = "Oef 1 20 tot 10", "Oefeningen 5\Oef 1 20 tot 10.csproj", "{C38B5124-6499-4353-A929-816DA05BC536}"
EndProject
Project("{FAE04EC0-301F-11D3-BF4B-00C04F79EFBC}") = "Oef 2 tafel van 7", "Oef 2 tafel van 7\Oef 2 tafel van 7.csproj", "{3E0404C2-D835-4629-B58D-FFF95B054408}"
EndProject
Project("{FAE04EC0-301F-11D3-BF4B-00C04F79EFBC}") = "Oef 3 som", "Oef 3 som\Oef 3 som.csproj", "{9685ABAF-6169-4EAF-959F-DE66457543B1}"
EndProject
Project("{FAE04EC0-301F-11D3-BF4B-00C04F79EFBC}") = "Oef 4", "Oef 4\Oef 4.csproj", "{3465EC39-7F5F-4363-B0FF-D937A09ABA91}"
EndProject
Global
	GlobalSection(SolutionConfigurationPlatforms) = preSolution
		Debug|Any CPU = Debug|Any CPU
		Release|Any CPU = Release|Any CPU
	EndGlobalSection
	GlobalSection(ProjectConfigurationPlatforms) = postSolution
		{C38B5124-6499-4353-A929-816DA05BC536}.Debug|Any CPU.ActiveCfg = Debug|Any CPU
		{C38B5124-6499-4353-A929-816DA05BC536}.Debug|Any CPU.Build.0 = Debug|Any CPU
		{C38B5124-6499-4353-A929-816DA05BC536}.Release|Any CPU.ActiveCfg = Release|Any CPU
		{C38B5124-6499-4353-A929-816DA05BC536}.Release|Any CPU.Build.0 = Release|Any CPU
		{3E0404C2-D835-4629-B58D-FFF95B054408}.Debug|Any CPU.ActiveCfg = Debug|Any CPU
		{3E0404C2-D835-4629-B58D-FFF95B054408}.Debug|Any CPU.Build.0 = Debug|Any CPU
		{3E0404C2-D835-4629-B58D-FFF95B054408}.Release|Any CPU.ActiveCfg = Release|Any CPU
		{3E0404C2-D835-4629-B58D-FFF95B054408}.Release|Any CPU.Build.0 = Release|Any CPU
		{9685ABAF-6169-4EAF-959F-DE66457543B1}.Debug|Any CPU.ActiveCfg = Debug|Any CPU
		{9685ABAF-6169-4EAF-959F-DE66457543B1}.Debug|Any CPU.Build.0 = Debug|Any CPU
		{9685ABAF-6169-4EAF-959F-DE66457543B1}.Release|Any CPU.ActiveCfg = Release|Any CPU
		{9685ABAF-6169-4EAF-959F-DE66457543B1}.Release|Any CPU.Build.0 = Release|Any CPU
		{3465EC39-7F5F-4363-B0FF-D937A09ABA91}.Debug|Any CPU.ActiveCfg = Debug|Any CPU
		{3465EC39-7F5F-4363-B0FF-D937A09ABA91}.Debug|Any CPU.Build.0 = Debug|Any CPU
		{3465EC39-7F5F-4363-B0FF-D937A09ABA91}.Release|Any CPU.ActiveCfg = Release|Any CPU
		{3465EC39-7F5F-4363-B0FF-D937A09ABA91}.Release|Any CPU.Build.0 = Release|Any CPU
	EndGlobalSection
	GlobalSection(SolutionProperties) = preSolution
		HideSolutionNode = FALSE
	EndGlobalSection
	GlobalSection(ExtensibilityGlobals) = postSolution
		SolutionGuid = {BA8129E2-8385-4EFE-AB8B-9C2FFA28B0EA}
	EndGlobalSection
EndGlobal
