
Microsoft Visual Studio Solution File, Format Version 12.00
# Visual Studio Version 17
VisualStudioVersion = 17.3.32922.545
MinimumVisualStudioVersion = 10.0.40219.1
Project("{9A19103F-16F7-4668-BE54-9A1E7A4F7556}") = "Oef 2 tafel van 7", "Oef 2 tafel van 7\Oef 2 tafel van 7.csproj", "{3E0404C2-D835-4629-B58D-FFF95B054408}"
EndProject
Project("{9A19103F-16F7-4668-BE54-9A1E7A4F7556}") = "Oef 3 som", "Oef 3 som\Oef 3 som.csproj", "{9685ABAF-6169-4EAF-959F-DE66457543B1}"
EndProject
Project("{9A19103F-16F7-4668-BE54-9A1E7A4F7556}") = "Oef 4", "Oef 4\Oef 4.csproj", "{3465EC39-7F5F-4363-B0FF-D937A09ABA91}"
EndProject
Project("{9A19103F-16F7-4668-BE54-9A1E7A4F7556}") = "Oef 1 van 20 to 10", "Oef van 20 to 10\Oef 1 van 20 to 10.csproj", "{CB339F8C-FD33-48D3-B194-0D103EE14F4E}"
EndProject
Project("{9A19103F-16F7-4668-BE54-9A1E7A4F7556}") = "Oef 5 Grootste getal", "Oef 5 Grootste getal\Oef 5 Grootste getal.csproj", "{A1E97E71-35A6-4503-BDAC-26EBFE6969CE}"
EndProject
Project("{9A19103F-16F7-4668-BE54-9A1E7A4F7556}") = "Oef 6", "Oef 6\Oef 6.csproj", "{28E3D577-C153-4ABE-AD2A-A32527455003}"
EndProject
Project("{9A19103F-16F7-4668-BE54-9A1E7A4F7556}") = "Oef 7 Rechthoek", "Oef 7 Rechthoek\Oef 7 Rechthoek.csproj", "{CBA32D1A-A89F-4499-9E5A-A9DDCA917842}"
EndProject
Project("{9A19103F-16F7-4668-BE54-9A1E7A4F7556}") = "Oef 8 Vierkant", "Oefening 8 Vierkant\Oef 8 Vierkant.csproj", "{21ED4940-8EA3-4774-903D-5DCD73EB2D20}"
EndProject
Project("{9A19103F-16F7-4668-BE54-9A1E7A4F7556}") = "Oef 9 Double", "Oef 9 Double\Oef 9 Double.csproj", "{082A7EE0-89CE-43C6-83DA-B137CA512BC9}"
EndProject
Project("{FAE04EC0-301F-11D3-BF4B-00C04F79EFBC}") = "Oef 10 Reeks", "Oef 10 Reeks\Oef 10 Reeks.csproj", "{DF1AFC42-75BE-4320-BFF0-8F7735C56770}"
EndProject
Global
	GlobalSection(SolutionConfigurationPlatforms) = preSolution
		Debug|Any CPU = Debug|Any CPU
		Release|Any CPU = Release|Any CPU
	EndGlobalSection
	GlobalSection(ProjectConfigurationPlatforms) = postSolution
		{3E0404C2-D835-4629-B58D-FFF95B054408}.Debug|Any CPU.ActiveCfg = Debug|Any CPU
		{3E0404C2-D835-4629-B58D-FFF95B054408}.Debug|Any CPU.Build.0 = Debug|Any CPU
		{3E0404C2-D835-4629-B58D-FFF95B054408}.Release|Any CPU.ActiveCfg = Release|Any CPU
		{3E0404C2-D835-4629-B58D-FFF95B054408}.Release|Any CPU.Build.0 = Release|Any CPU
		{9685ABAF-6169-4EAF-959F-DE66457543B1}.Debug|Any CPU.ActiveCfg = Debug|Any CPU
		{9685ABAF-6169-4EAF-959F-DE66457543B1}.Debug|Any CPU.Build.0 = Debug|Any CPU
		{9685ABAF-6169-4EAF-959F-DE66457543B1}.Release|Any CPU.ActiveCfg = Release|Any CPU
		{9685ABAF-6169-4EAF-959F-DE66457543B1}.Release|Any CPU.Build.0 = Release|Any CPU
		{3465EC39-7F5F-4363-B0FF-D937A09ABA91}.Debug|Any CPU.ActiveCfg = Debug|Any CPU
		{3465EC39-7F5F-4363-B0FF-D937A09ABA91}.Debug|Any CPU.Build.0 = Debug|Any CPU
		{3465EC39-7F5F-4363-B0FF-D937A09ABA91}.Release|Any CPU.ActiveCfg = Release|Any CPU
		{3465EC39-7F5F-4363-B0FF-D937A09ABA91}.Release|Any CPU.Build.0 = Release|Any CPU
		{CB339F8C-FD33-48D3-B194-0D103EE14F4E}.Debug|Any CPU.ActiveCfg = Debug|Any CPU
		{CB339F8C-FD33-48D3-B194-0D103EE14F4E}.Debug|Any CPU.Build.0 = Debug|Any CPU
		{CB339F8C-FD33-48D3-B194-0D103EE14F4E}.Release|Any CPU.ActiveCfg = Release|Any CPU
		{CB339F8C-FD33-48D3-B194-0D103EE14F4E}.Release|Any CPU.Build.0 = Release|Any CPU
		{A1E97E71-35A6-4503-BDAC-26EBFE6969CE}.Debug|Any CPU.ActiveCfg = Debug|Any CPU
		{A1E97E71-35A6-4503-BDAC-26EBFE6969CE}.Debug|Any CPU.Build.0 = Debug|Any CPU
		{A1E97E71-35A6-4503-BDAC-26EBFE6969CE}.Release|Any CPU.ActiveCfg = Release|Any CPU
		{A1E97E71-35A6-4503-BDAC-26EBFE6969CE}.Release|Any CPU.Build.0 = Release|Any CPU
		{28E3D577-C153-4ABE-AD2A-A32527455003}.Debug|Any CPU.ActiveCfg = Debug|Any CPU
		{28E3D577-C153-4ABE-AD2A-A32527455003}.Debug|Any CPU.Build.0 = Debug|Any CPU
		{28E3D577-C153-4ABE-AD2A-A32527455003}.Release|Any CPU.ActiveCfg = Release|Any CPU
		{28E3D577-C153-4ABE-AD2A-A32527455003}.Release|Any CPU.Build.0 = Release|Any CPU
		{CBA32D1A-A89F-4499-9E5A-A9DDCA917842}.Debug|Any CPU.ActiveCfg = Debug|Any CPU
		{CBA32D1A-A89F-4499-9E5A-A9DDCA917842}.Debug|Any CPU.Build.0 = Debug|Any CPU
		{CBA32D1A-A89F-4499-9E5A-A9DDCA917842}.Release|Any CPU.ActiveCfg = Release|Any CPU
		{CBA32D1A-A89F-4499-9E5A-A9DDCA917842}.Release|Any CPU.Build.0 = Release|Any CPU
		{21ED4940-8EA3-4774-903D-5DCD73EB2D20}.Debug|Any CPU.ActiveCfg = Debug|Any CPU
		{21ED4940-8EA3-4774-903D-5DCD73EB2D20}.Debug|Any CPU.Build.0 = Debug|Any CPU
		{21ED4940-8EA3-4774-903D-5DCD73EB2D20}.Release|Any CPU.ActiveCfg = Release|Any CPU
		{21ED4940-8EA3-4774-903D-5DCD73EB2D20}.Release|Any CPU.Build.0 = Release|Any CPU
		{082A7EE0-89CE-43C6-83DA-B137CA512BC9}.Debug|Any CPU.ActiveCfg = Debug|Any CPU
		{082A7EE0-89CE-43C6-83DA-B137CA512BC9}.Debug|Any CPU.Build.0 = Debug|Any CPU
		{082A7EE0-89CE-43C6-83DA-B137CA512BC9}.Release|Any CPU.ActiveCfg = Release|Any CPU
		{082A7EE0-89CE-43C6-83DA-B137CA512BC9}.Release|Any CPU.Build.0 = Release|Any CPU
		{DF1AFC42-75BE-4320-BFF0-8F7735C56770}.Debug|Any CPU.ActiveCfg = Debug|Any CPU
		{DF1AFC42-75BE-4320-BFF0-8F7735C56770}.Debug|Any CPU.Build.0 = Debug|Any CPU
		{DF1AFC42-75BE-4320-BFF0-8F7735C56770}.Release|Any CPU.ActiveCfg = Release|Any CPU
		{DF1AFC42-75BE-4320-BFF0-8F7735C56770}.Release|Any CPU.Build.0 = Release|Any CPU
	EndGlobalSection
	GlobalSection(SolutionProperties) = preSolution
		HideSolutionNode = FALSE
	EndGlobalSection
	GlobalSection(ExtensibilityGlobals) = postSolution
		SolutionGuid = {BA8129E2-8385-4EFE-AB8B-9C2FFA28B0EA}
	EndGlobalSection
EndGlobal
